
Microsoft Visual Studio Solution File, Format Version 12.00
# Visual Studio Version 17
VisualStudioVersion = 17.0.32014.148
MinimumVisualStudioVersion = 10.0.40219.1
Project("{9A19103F-16F7-4668-BE54-9A1E7A4F7556}") = "Encapsulation-Exercise", "Encapsulation-Exercise\Encapsulation-Exercise.csproj", "{E148F5EA-25C8-40B6-9A9B-BD0E1C2758DE}"
EndProject
Project("{FAE04EC0-301F-11D3-BF4B-00C04F79EFBC}") = "03", "03\03.csproj", "{A2811D18-9136-4A4D-AFA3-7AA97E6CDF44}"
EndProject
Project("{FAE04EC0-301F-11D3-BF4B-00C04F79EFBC}") = "04", "04\04.csproj", "{FD4475D0-64E8-4F8D-A5DF-2F0CE17BA3CD}"
EndProject
Global
	GlobalSection(SolutionConfigurationPlatforms) = preSolution
		Debug|Any CPU = Debug|Any CPU
		Release|Any CPU = Release|Any CPU
	EndGlobalSection
	GlobalSection(ProjectConfigurationPlatforms) = postSolution
		{E148F5EA-25C8-40B6-9A9B-BD0E1C2758DE}.Debug|Any CPU.ActiveCfg = Debug|Any CPU
		{E148F5EA-25C8-40B6-9A9B-BD0E1C2758DE}.Debug|Any CPU.Build.0 = Debug|Any CPU
		{E148F5EA-25C8-40B6-9A9B-BD0E1C2758DE}.Release|Any CPU.ActiveCfg = Release|Any CPU
		{E148F5EA-25C8-40B6-9A9B-BD0E1C2758DE}.Release|Any CPU.Build.0 = Release|Any CPU
		{A2811D18-9136-4A4D-AFA3-7AA97E6CDF44}.Debug|Any CPU.ActiveCfg = Debug|Any CPU
		{A2811D18-9136-4A4D-AFA3-7AA97E6CDF44}.Debug|Any CPU.Build.0 = Debug|Any CPU
		{A2811D18-9136-4A4D-AFA3-7AA97E6CDF44}.Release|Any CPU.ActiveCfg = Release|Any CPU
		{A2811D18-9136-4A4D-AFA3-7AA97E6CDF44}.Release|Any CPU.Build.0 = Release|Any CPU
		{FD4475D0-64E8-4F8D-A5DF-2F0CE17BA3CD}.Debug|Any CPU.ActiveCfg = Debug|Any CPU
		{FD4475D0-64E8-4F8D-A5DF-2F0CE17BA3CD}.Debug|Any CPU.Build.0 = Debug|Any CPU
		{FD4475D0-64E8-4F8D-A5DF-2F0CE17BA3CD}.Release|Any CPU.ActiveCfg = Release|Any CPU
		{FD4475D0-64E8-4F8D-A5DF-2F0CE17BA3CD}.Release|Any CPU.Build.0 = Release|Any CPU
	EndGlobalSection
	GlobalSection(SolutionProperties) = preSolution
		HideSolutionNode = FALSE
	EndGlobalSection
	GlobalSection(ExtensibilityGlobals) = postSolution
		SolutionGuid = {A5FAB8FF-A677-4B85-B068-8C5B69C9BBF7}
	EndGlobalSection
EndGlobal
