
Microsoft Visual Studio Solution File, Format Version 12.00
# Visual Studio Version 17
VisualStudioVersion = 17.6.33723.286
MinimumVisualStudioVersion = 10.0.40219.1
Project("{FAE04EC0-301F-11D3-BF4B-00C04F79EFBC}") = "Forum.App", "Forum.App\Forum.App.csproj", "{F3F8B518-D2ED-4CAC-B273-1EDB66F82953}"
EndProject
Global
	GlobalSection(SolutionConfigurationPlatforms) = preSolution
		Debug|Any CPU = Debug|Any CPU
		Release|Any CPU = Release|Any CPU
	EndGlobalSection
	GlobalSection(ProjectConfigurationPlatforms) = postSolution
		{F3F8B518-D2ED-4CAC-B273-1EDB66F82953}.Debug|Any CPU.ActiveCfg = Debug|Any CPU
		{F3F8B518-D2ED-4CAC-B273-1EDB66F82953}.Debug|Any CPU.Build.0 = Debug|Any CPU
		{F3F8B518-D2ED-4CAC-B273-1EDB66F82953}.Release|Any CPU.ActiveCfg = Release|Any CPU
		{F3F8B518-D2ED-4CAC-B273-1EDB66F82953}.Release|Any CPU.Build.0 = Release|Any CPU
	EndGlobalSection
	GlobalSection(SolutionProperties) = preSolution
		HideSolutionNode = FALSE
	EndGlobalSection
	GlobalSection(ExtensibilityGlobals) = postSolution
		SolutionGuid = {05CD9688-FED5-4C2F-80F6-23183373553D}
	EndGlobalSection
EndGlobal
