
Microsoft Visual Studio Solution File, Format Version 12.00
# Visual Studio Version 17
VisualStudioVersion = 17.0.32014.148
MinimumVisualStudioVersion = 10.0.40219.1
Project("{FAE04EC0-301F-11D3-BF4B-00C04F79EFBC}") = "Encapsulation-Lab", "Encapsulation-Lab\Encapsulation-Lab.csproj", "{13A71645-6564-4203-8859-09DDBA950DE8}"
EndProject
Project("{FAE04EC0-301F-11D3-BF4B-00C04F79EFBC}") = "PersonsInfo", "PersonsInfo\PersonsInfo.csproj", "{8C82FB55-3BCA-4820-8165-CCD648A75DBC}"
EndProject
Global
	GlobalSection(SolutionConfigurationPlatforms) = preSolution
		Debug|Any CPU = Debug|Any CPU
		Release|Any CPU = Release|Any CPU
	EndGlobalSection
	GlobalSection(ProjectConfigurationPlatforms) = postSolution
		{13A71645-6564-4203-8859-09DDBA950DE8}.Debug|Any CPU.ActiveCfg = Debug|Any CPU
		{13A71645-6564-4203-8859-09DDBA950DE8}.Debug|Any CPU.Build.0 = Debug|Any CPU
		{13A71645-6564-4203-8859-09DDBA950DE8}.Release|Any CPU.ActiveCfg = Release|Any CPU
		{13A71645-6564-4203-8859-09DDBA950DE8}.Release|Any CPU.Build.0 = Release|Any CPU
		{8C82FB55-3BCA-4820-8165-CCD648A75DBC}.Debug|Any CPU.ActiveCfg = Debug|Any CPU
		{8C82FB55-3BCA-4820-8165-CCD648A75DBC}.Debug|Any CPU.Build.0 = Debug|Any CPU
		{8C82FB55-3BCA-4820-8165-CCD648A75DBC}.Release|Any CPU.ActiveCfg = Release|Any CPU
		{8C82FB55-3BCA-4820-8165-CCD648A75DBC}.Release|Any CPU.Build.0 = Release|Any CPU
	EndGlobalSection
	GlobalSection(SolutionProperties) = preSolution
		HideSolutionNode = FALSE
	EndGlobalSection
	GlobalSection(ExtensibilityGlobals) = postSolution
		SolutionGuid = {1093F0D6-3DB5-4941-8D31-4BA89AE25EF2}
	EndGlobalSection
EndGlobal
