
Microsoft Visual Studio Solution File, Format Version 12.00
# Visual Studio Version 17
VisualStudioVersion = 17.6.33723.286
MinimumVisualStudioVersion = 10.0.40219.1
Project("{FAE04EC0-301F-11D3-BF4B-00C04F79EFBC}") = "TaskBoardApp", "TaskBoardApp\TaskBoardApp.csproj", "{941FEC7B-D09A-419B-8EDE-88E929433D7C}"
EndProject
Global
	GlobalSection(SolutionConfigurationPlatforms) = preSolution
		Debug|Any CPU = Debug|Any CPU
		Release|Any CPU = Release|Any CPU
	EndGlobalSection
	GlobalSection(ProjectConfigurationPlatforms) = postSolution
		{941FEC7B-D09A-419B-8EDE-88E929433D7C}.Debug|Any CPU.ActiveCfg = Debug|Any CPU
		{941FEC7B-D09A-419B-8EDE-88E929433D7C}.Debug|Any CPU.Build.0 = Debug|Any CPU
		{941FEC7B-D09A-419B-8EDE-88E929433D7C}.Release|Any CPU.ActiveCfg = Release|Any CPU
		{941FEC7B-D09A-419B-8EDE-88E929433D7C}.Release|Any CPU.Build.0 = Release|Any CPU
	EndGlobalSection
	GlobalSection(SolutionProperties) = preSolution
		HideSolutionNode = FALSE
	EndGlobalSection
	GlobalSection(ExtensibilityGlobals) = postSolution
		SolutionGuid = {57D951DA-5629-4FF6-947E-AFEA8E344B0A}
	EndGlobalSection
EndGlobal
