
Microsoft Visual Studio Solution File, Format Version 12.00
# Visual Studio Version 17
VisualStudioVersion = 17.0.32014.148
MinimumVisualStudioVersion = 10.0.40219.1
Project("{FAE04EC0-301F-11D3-BF4B-00C04F79EFBC}") = "Polymorphism-Exercise", "Polymorphism-Exercise\Polymorphism-Exercise.csproj", "{0D36915E-9D5C-4A19-B72F-0F6E64C9737E}"
EndProject
Project("{FAE04EC0-301F-11D3-BF4B-00C04F79EFBC}") = "Raiding", "Raiding\Raiding.csproj", "{CD6E5A7A-C041-4B31-B93F-5F9123FD3493}"
EndProject
Project("{FAE04EC0-301F-11D3-BF4B-00C04F79EFBC}") = "WildFarm", "WildFarm\WildFarm.csproj", "{E1D1B8C1-12AC-4C96-86AB-6A478794E570}"
EndProject
Global
	GlobalSection(SolutionConfigurationPlatforms) = preSolution
		Debug|Any CPU = Debug|Any CPU
		Release|Any CPU = Release|Any CPU
	EndGlobalSection
	GlobalSection(ProjectConfigurationPlatforms) = postSolution
		{0D36915E-9D5C-4A19-B72F-0F6E64C9737E}.Debug|Any CPU.ActiveCfg = Debug|Any CPU
		{0D36915E-9D5C-4A19-B72F-0F6E64C9737E}.Debug|Any CPU.Build.0 = Debug|Any CPU
		{0D36915E-9D5C-4A19-B72F-0F6E64C9737E}.Release|Any CPU.ActiveCfg = Release|Any CPU
		{0D36915E-9D5C-4A19-B72F-0F6E64C9737E}.Release|Any CPU.Build.0 = Release|Any CPU
		{CD6E5A7A-C041-4B31-B93F-5F9123FD3493}.Debug|Any CPU.ActiveCfg = Debug|Any CPU
		{CD6E5A7A-C041-4B31-B93F-5F9123FD3493}.Debug|Any CPU.Build.0 = Debug|Any CPU
		{CD6E5A7A-C041-4B31-B93F-5F9123FD3493}.Release|Any CPU.ActiveCfg = Release|Any CPU
		{CD6E5A7A-C041-4B31-B93F-5F9123FD3493}.Release|Any CPU.Build.0 = Release|Any CPU
		{E1D1B8C1-12AC-4C96-86AB-6A478794E570}.Debug|Any CPU.ActiveCfg = Debug|Any CPU
		{E1D1B8C1-12AC-4C96-86AB-6A478794E570}.Debug|Any CPU.Build.0 = Debug|Any CPU
		{E1D1B8C1-12AC-4C96-86AB-6A478794E570}.Release|Any CPU.ActiveCfg = Release|Any CPU
		{E1D1B8C1-12AC-4C96-86AB-6A478794E570}.Release|Any CPU.Build.0 = Release|Any CPU
	EndGlobalSection
	GlobalSection(SolutionProperties) = preSolution
		HideSolutionNode = FALSE
	EndGlobalSection
	GlobalSection(ExtensibilityGlobals) = postSolution
		SolutionGuid = {56CD347C-3B7F-4ADD-ABF2-49AC9A89D85C}
	EndGlobalSection
EndGlobal
