
Microsoft Visual Studio Solution File, Format Version 12.00
# Visual Studio Version 17
VisualStudioVersion = 17.5.33627.172
MinimumVisualStudioVersion = 10.0.40219.1
Project("{FAE04EC0-301F-11D3-BF4B-00C04F79EFBC}") = "Introduction-ASP.NETCore", "Introduction-ASP.NETCore\Introduction-ASP.NETCore.csproj", "{E63EF882-241C-4574-A744-3C8D0DC7960D}"
EndProject
Global
	GlobalSection(SolutionConfigurationPlatforms) = preSolution
		Debug|Any CPU = Debug|Any CPU
		Release|Any CPU = Release|Any CPU
	EndGlobalSection
	GlobalSection(ProjectConfigurationPlatforms) = postSolution
		{E63EF882-241C-4574-A744-3C8D0DC7960D}.Debug|Any CPU.ActiveCfg = Debug|Any CPU
		{E63EF882-241C-4574-A744-3C8D0DC7960D}.Debug|Any CPU.Build.0 = Debug|Any CPU
		{E63EF882-241C-4574-A744-3C8D0DC7960D}.Release|Any CPU.ActiveCfg = Release|Any CPU
		{E63EF882-241C-4574-A744-3C8D0DC7960D}.Release|Any CPU.Build.0 = Release|Any CPU
	EndGlobalSection
	GlobalSection(SolutionProperties) = preSolution
		HideSolutionNode = FALSE
	EndGlobalSection
	GlobalSection(ExtensibilityGlobals) = postSolution
		SolutionGuid = {A25FD5E5-DBB2-439A-93A4-96AE36FF83EA}
	EndGlobalSection
EndGlobal
