
Microsoft Visual Studio Solution File, Format Version 12.00
# Visual Studio Version 17
VisualStudioVersion = 17.0.32014.148
MinimumVisualStudioVersion = 10.0.40219.1
Project("{FAE04EC0-301F-11D3-BF4B-00C04F79EFBC}") = "IteratorsAndComparators-Exercise", "IteratorsAndComparators-Exercise\IteratorsAndComparators-Exercise.csproj", "{AC9237D1-A48F-407D-A650-E597CB1645E0}"
EndProject
Project("{FAE04EC0-301F-11D3-BF4B-00C04F79EFBC}") = "CustomStack", "CustomStack\CustomStack.csproj", "{09E1CE52-4B5A-4414-BD64-9E0EEB3E114B}"
EndProject
Project("{FAE04EC0-301F-11D3-BF4B-00C04F79EFBC}") = "LakeWithStones", "LakeWithStones\LakeWithStones.csproj", "{EE14056A-B18F-42B4-AA95-0BF1DE530EB2}"
EndProject
Project("{FAE04EC0-301F-11D3-BF4B-00C04F79EFBC}") = "ComparingObjects", "ComparingObjects\ComparingObjects.csproj", "{5E8C8975-B5AA-4898-82FA-AD43616DAA49}"
EndProject
Project("{FAE04EC0-301F-11D3-BF4B-00C04F79EFBC}") = "CustomComparator", "CustomComparator\CustomComparator.csproj", "{494520FE-4331-4015-85D2-151862F37FA3}"
EndProject
Global
	GlobalSection(SolutionConfigurationPlatforms) = preSolution
		Debug|Any CPU = Debug|Any CPU
		Release|Any CPU = Release|Any CPU
	EndGlobalSection
	GlobalSection(ProjectConfigurationPlatforms) = postSolution
		{AC9237D1-A48F-407D-A650-E597CB1645E0}.Debug|Any CPU.ActiveCfg = Debug|Any CPU
		{AC9237D1-A48F-407D-A650-E597CB1645E0}.Debug|Any CPU.Build.0 = Debug|Any CPU
		{AC9237D1-A48F-407D-A650-E597CB1645E0}.Release|Any CPU.ActiveCfg = Release|Any CPU
		{AC9237D1-A48F-407D-A650-E597CB1645E0}.Release|Any CPU.Build.0 = Release|Any CPU
		{09E1CE52-4B5A-4414-BD64-9E0EEB3E114B}.Debug|Any CPU.ActiveCfg = Debug|Any CPU
		{09E1CE52-4B5A-4414-BD64-9E0EEB3E114B}.Debug|Any CPU.Build.0 = Debug|Any CPU
		{09E1CE52-4B5A-4414-BD64-9E0EEB3E114B}.Release|Any CPU.ActiveCfg = Release|Any CPU
		{09E1CE52-4B5A-4414-BD64-9E0EEB3E114B}.Release|Any CPU.Build.0 = Release|Any CPU
		{EE14056A-B18F-42B4-AA95-0BF1DE530EB2}.Debug|Any CPU.ActiveCfg = Debug|Any CPU
		{EE14056A-B18F-42B4-AA95-0BF1DE530EB2}.Debug|Any CPU.Build.0 = Debug|Any CPU
		{EE14056A-B18F-42B4-AA95-0BF1DE530EB2}.Release|Any CPU.ActiveCfg = Release|Any CPU
		{EE14056A-B18F-42B4-AA95-0BF1DE530EB2}.Release|Any CPU.Build.0 = Release|Any CPU
		{5E8C8975-B5AA-4898-82FA-AD43616DAA49}.Debug|Any CPU.ActiveCfg = Debug|Any CPU
		{5E8C8975-B5AA-4898-82FA-AD43616DAA49}.Debug|Any CPU.Build.0 = Debug|Any CPU
		{5E8C8975-B5AA-4898-82FA-AD43616DAA49}.Release|Any CPU.ActiveCfg = Release|Any CPU
		{5E8C8975-B5AA-4898-82FA-AD43616DAA49}.Release|Any CPU.Build.0 = Release|Any CPU
		{494520FE-4331-4015-85D2-151862F37FA3}.Debug|Any CPU.ActiveCfg = Debug|Any CPU
		{494520FE-4331-4015-85D2-151862F37FA3}.Debug|Any CPU.Build.0 = Debug|Any CPU
		{494520FE-4331-4015-85D2-151862F37FA3}.Release|Any CPU.ActiveCfg = Release|Any CPU
		{494520FE-4331-4015-85D2-151862F37FA3}.Release|Any CPU.Build.0 = Release|Any CPU
	EndGlobalSection
	GlobalSection(SolutionProperties) = preSolution
		HideSolutionNode = FALSE
	EndGlobalSection
	GlobalSection(ExtensibilityGlobals) = postSolution
		SolutionGuid = {5B44DE88-ECBB-4939-9974-F92F4FC5993E}
	EndGlobalSection
EndGlobal
