
Microsoft Visual Studio Solution File, Format Version 12.00
# Visual Studio Version 17
VisualStudioVersion = 17.0.32014.148
MinimumVisualStudioVersion = 10.0.40219.1
Project("{9A19103F-16F7-4668-BE54-9A1E7A4F7556}") = "ReflectionAndAttributes-Lab", "ReflectionAndAttributes-Lab\ReflectionAndAttributes-Lab.csproj", "{9900FA7F-8A49-41B3-BC04-CE83533B69AB}"
EndProject
Project("{FAE04EC0-301F-11D3-BF4B-00C04F79EFBC}") = "AuthorProblem", "AuthorProblem\AuthorProblem.csproj", "{1ECFF68E-1B23-4543-8547-58E0C9BAF99E}"
EndProject
Global
	GlobalSection(SolutionConfigurationPlatforms) = preSolution
		Debug|Any CPU = Debug|Any CPU
		Release|Any CPU = Release|Any CPU
	EndGlobalSection
	GlobalSection(ProjectConfigurationPlatforms) = postSolution
		{9900FA7F-8A49-41B3-BC04-CE83533B69AB}.Debug|Any CPU.ActiveCfg = Debug|Any CPU
		{9900FA7F-8A49-41B3-BC04-CE83533B69AB}.Debug|Any CPU.Build.0 = Debug|Any CPU
		{9900FA7F-8A49-41B3-BC04-CE83533B69AB}.Release|Any CPU.ActiveCfg = Release|Any CPU
		{9900FA7F-8A49-41B3-BC04-CE83533B69AB}.Release|Any CPU.Build.0 = Release|Any CPU
		{1ECFF68E-1B23-4543-8547-58E0C9BAF99E}.Debug|Any CPU.ActiveCfg = Debug|Any CPU
		{1ECFF68E-1B23-4543-8547-58E0C9BAF99E}.Debug|Any CPU.Build.0 = Debug|Any CPU
		{1ECFF68E-1B23-4543-8547-58E0C9BAF99E}.Release|Any CPU.ActiveCfg = Release|Any CPU
		{1ECFF68E-1B23-4543-8547-58E0C9BAF99E}.Release|Any CPU.Build.0 = Release|Any CPU
	EndGlobalSection
	GlobalSection(SolutionProperties) = preSolution
		HideSolutionNode = FALSE
	EndGlobalSection
	GlobalSection(ExtensibilityGlobals) = postSolution
		SolutionGuid = {76644A92-F735-4932-9CA2-8F4FBBA864C0}
	EndGlobalSection
EndGlobal
