
Microsoft Visual Studio Solution File, Format Version 12.00
# Visual Studio Version 17
VisualStudioVersion = 17.0.32014.148
MinimumVisualStudioVersion = 10.0.40219.1
Project("{9A19103F-16F7-4668-BE54-9A1E7A4F7556}") = "IteratorsAndComparators", "IteratorsAndComparators-Lab\IteratorsAndComparators.csproj", "{6CD1A1A8-49B9-408C-B572-E4A19A8A6E48}"
EndProject
Global
	GlobalSection(SolutionConfigurationPlatforms) = preSolution
		Debug|Any CPU = Debug|Any CPU
		Release|Any CPU = Release|Any CPU
	EndGlobalSection
	GlobalSection(ProjectConfigurationPlatforms) = postSolution
		{6CD1A1A8-49B9-408C-B572-E4A19A8A6E48}.Debug|Any CPU.ActiveCfg = Debug|Any CPU
		{6CD1A1A8-49B9-408C-B572-E4A19A8A6E48}.Debug|Any CPU.Build.0 = Debug|Any CPU
		{6CD1A1A8-49B9-408C-B572-E4A19A8A6E48}.Release|Any CPU.ActiveCfg = Release|Any CPU
		{6CD1A1A8-49B9-408C-B572-E4A19A8A6E48}.Release|Any CPU.Build.0 = Release|Any CPU
	EndGlobalSection
	GlobalSection(SolutionProperties) = preSolution
		HideSolutionNode = FALSE
	EndGlobalSection
	GlobalSection(ExtensibilityGlobals) = postSolution
		SolutionGuid = {7EE57451-0FED-48AA-B430-CA7BC2A116B9}
	EndGlobalSection
EndGlobal
